{
  "version": 4,
  "terraform_version": "0.13.5",
  "serial": 1,
  "lineage": "c45fd9d7-1d3f-fa00-16b4-aa7f5e9049b7",
  "outputs": {},
  "resources": [
    {
      "mode": "managed",
      "type": "aws_iam_user",
      "name": "iam-example-user",
      "provider": "provider[\"registry.terraform.io/hashicorp/aws\"]",
      "instances": [
        {
          "schema_version": 0,
          "attributes": {
            "arn": "arn:aws:iam::486888425288:user/jbrassard-cb",
            "force_destroy": false,
            "id": "jbrassard-cb",
            "name": "jbrassard-cb",
            "path": "/",
            "permissions_boundary": null,
            "tags": null,
            "unique_id": "AIDAXCXGPY5ELTCXOCRCP"
          },
          "private": "bnVsbA=="
        }
      ]
    }
  ]
}
